
Microsoft Visual Studio Solution File, Format Version 12.00
# Visual Studio Version 16
VisualStudioVersion = 25.0.1706.7
MinimumVisualStudioVersion = 10.0.40219.1
Project("{FAE04EC0-301F-11D3-BF4B-00C04F79EFBC}") = "unit7-notes-entity", "unit7-notes-entity\unit7-notes-entity.csproj", "{9014449A-D6A8-49DA-954C-CBCC94BC165F}"
EndProject
Global
	GlobalSection(SolutionConfigurationPlatforms) = preSolution
		Debug|Any CPU = Debug|Any CPU
		Release|Any CPU = Release|Any CPU
	EndGlobalSection
	GlobalSection(ProjectConfigurationPlatforms) = postSolution
		{9014449A-D6A8-49DA-954C-CBCC94BC165F}.Debug|Any CPU.ActiveCfg = Debug|Any CPU
		{9014449A-D6A8-49DA-954C-CBCC94BC165F}.Debug|Any CPU.Build.0 = Debug|Any CPU
		{9014449A-D6A8-49DA-954C-CBCC94BC165F}.Release|Any CPU.ActiveCfg = Release|Any CPU
		{9014449A-D6A8-49DA-954C-CBCC94BC165F}.Release|Any CPU.Build.0 = Release|Any CPU
	EndGlobalSection
	GlobalSection(SolutionProperties) = preSolution
		HideSolutionNode = FALSE
	EndGlobalSection
	GlobalSection(ExtensibilityGlobals) = postSolution
		SolutionGuid = {777D4D83-5D7D-4AB4-A1E3-778C0E485B8F}
	EndGlobalSection
EndGlobal
